
Microsoft Visual Studio Solution File, Format Version 12.00
# Visual Studio Version 16
VisualStudioVersion = 16.0.32106.194
MinimumVisualStudioVersion = 10.0.40219.1
Project("{FAE04EC0-301F-11D3-BF4B-00C04F79EFBC}") = "PosTerminal.WebApi", "PosTerminal\PosTerminal.WebApi.csproj", "{95F9F746-85E8-4D2D-AAE3-6F7BDF9AC3F2}"
EndProject
Project("{FAE04EC0-301F-11D3-BF4B-00C04F79EFBC}") = "PosTerminal.Core", "PosTerminal.Core\PosTerminal.Core.csproj", "{18B2AD97-FBD0-4F1A-BF23-C3C7DCFA2147}"
EndProject
Project("{FAE04EC0-301F-11D3-BF4B-00C04F79EFBC}") = "PosTerminal.Test", "PosTerminal.Test\PosTerminal.Test.csproj", "{727DE8D3-E217-4FC4-8899-E9AA6858818F}"
EndProject
Global
	GlobalSection(SolutionConfigurationPlatforms) = preSolution
		Debug|Any CPU = Debug|Any CPU
		Release|Any CPU = Release|Any CPU
	EndGlobalSection
	GlobalSection(ProjectConfigurationPlatforms) = postSolution
		{95F9F746-85E8-4D2D-AAE3-6F7BDF9AC3F2}.Debug|Any CPU.ActiveCfg = Debug|Any CPU
		{95F9F746-85E8-4D2D-AAE3-6F7BDF9AC3F2}.Debug|Any CPU.Build.0 = Debug|Any CPU
		{95F9F746-85E8-4D2D-AAE3-6F7BDF9AC3F2}.Release|Any CPU.ActiveCfg = Release|Any CPU
		{95F9F746-85E8-4D2D-AAE3-6F7BDF9AC3F2}.Release|Any CPU.Build.0 = Release|Any CPU
		{18B2AD97-FBD0-4F1A-BF23-C3C7DCFA2147}.Debug|Any CPU.ActiveCfg = Debug|Any CPU
		{18B2AD97-FBD0-4F1A-BF23-C3C7DCFA2147}.Debug|Any CPU.Build.0 = Debug|Any CPU
		{18B2AD97-FBD0-4F1A-BF23-C3C7DCFA2147}.Release|Any CPU.ActiveCfg = Release|Any CPU
		{18B2AD97-FBD0-4F1A-BF23-C3C7DCFA2147}.Release|Any CPU.Build.0 = Release|Any CPU
		{727DE8D3-E217-4FC4-8899-E9AA6858818F}.Debug|Any CPU.ActiveCfg = Debug|Any CPU
		{727DE8D3-E217-4FC4-8899-E9AA6858818F}.Debug|Any CPU.Build.0 = Debug|Any CPU
		{727DE8D3-E217-4FC4-8899-E9AA6858818F}.Release|Any CPU.ActiveCfg = Release|Any CPU
		{727DE8D3-E217-4FC4-8899-E9AA6858818F}.Release|Any CPU.Build.0 = Release|Any CPU
	EndGlobalSection
	GlobalSection(SolutionProperties) = preSolution
		HideSolutionNode = FALSE
	EndGlobalSection
	GlobalSection(ExtensibilityGlobals) = postSolution
		SolutionGuid = {5344D382-3D57-4A67-9C02-A3FC3C9D5C82}
	EndGlobalSection
EndGlobal
